
Microsoft Visual Studio Solution File, Format Version 12.00
# Visual Studio Version 17
VisualStudioVersion = 17.7.34024.191
MinimumVisualStudioVersion = 10.0.40219.1
Project("{FAE04EC0-301F-11D3-BF4B-00C04F79EFBC}") = "baseGenerics", "baseGenerics\baseGenerics.csproj", "{D5994BD9-5F45-44EF-87B6-7A295C63B9FA}"
EndProject
Global
	GlobalSection(SolutionConfigurationPlatforms) = preSolution
		Debug|Any CPU = Debug|Any CPU
		Release|Any CPU = Release|Any CPU
	EndGlobalSection
	GlobalSection(ProjectConfigurationPlatforms) = postSolution
		{D5994BD9-5F45-44EF-87B6-7A295C63B9FA}.Debug|Any CPU.ActiveCfg = Debug|Any CPU
		{D5994BD9-5F45-44EF-87B6-7A295C63B9FA}.Debug|Any CPU.Build.0 = Debug|Any CPU
		{D5994BD9-5F45-44EF-87B6-7A295C63B9FA}.Release|Any CPU.ActiveCfg = Release|Any CPU
		{D5994BD9-5F45-44EF-87B6-7A295C63B9FA}.Release|Any CPU.Build.0 = Release|Any CPU
	EndGlobalSection
	GlobalSection(SolutionProperties) = preSolution
		HideSolutionNode = FALSE
	EndGlobalSection
	GlobalSection(ExtensibilityGlobals) = postSolution
		SolutionGuid = {563E22FB-50AA-4A9B-AA74-E9FA6535EE44}
	EndGlobalSection
EndGlobal
